
Microsoft Visual Studio Solution File, Format Version 12.00
# Visual Studio 2017
Project("{FAE04EC0-301F-11D3-BF4B-00C04F79EFBC}") = "Voxel 2.0", "Voxel 2.0.csproj", "{52B8EE9D-BF75-193C-292A-796D5CB15342}"
EndProject
Global
	GlobalSection(SolutionConfigurationPlatforms) = preSolution
		Debug|Any CPU = Debug|Any CPU
		Release|Any CPU = Release|Any CPU
	EndGlobalSection
	GlobalSection(ProjectConfigurationPlatforms) = postSolution
		{52B8EE9D-BF75-193C-292A-796D5CB15342}.Debug|Any CPU.ActiveCfg = Debug|Any CPU
		{52B8EE9D-BF75-193C-292A-796D5CB15342}.Debug|Any CPU.Build.0 = Debug|Any CPU
		{52B8EE9D-BF75-193C-292A-796D5CB15342}.Release|Any CPU.ActiveCfg = Release|Any CPU
		{52B8EE9D-BF75-193C-292A-796D5CB15342}.Release|Any CPU.Build.0 = Release|Any CPU
	EndGlobalSection
	GlobalSection(SolutionProperties) = preSolution
		HideSolutionNode = FALSE
	EndGlobalSection
EndGlobal
